
Microsoft Visual Studio Solution File, Format Version 12.00
# Visual Studio Version 16
VisualStudioVersion = 16.0.29926.136
MinimumVisualStudioVersion = 10.0.40219.1
Project("{FAE04EC0-301F-11D3-BF4B-00C04F79EFBC}") = "KaitlynDelmain-C968", "KaitlynDelmain-C968\KaitlynDelmain-C968.csproj", "{5072BEFA-45B5-4145-AF2A-6E3E438A35FA}"
EndProject
Global
	GlobalSection(SolutionConfigurationPlatforms) = preSolution
		Debug|Any CPU = Debug|Any CPU
		Release|Any CPU = Release|Any CPU
	EndGlobalSection
	GlobalSection(ProjectConfigurationPlatforms) = postSolution
		{5072BEFA-45B5-4145-AF2A-6E3E438A35FA}.Debug|Any CPU.ActiveCfg = Debug|Any CPU
		{5072BEFA-45B5-4145-AF2A-6E3E438A35FA}.Debug|Any CPU.Build.0 = Debug|Any CPU
		{5072BEFA-45B5-4145-AF2A-6E3E438A35FA}.Release|Any CPU.ActiveCfg = Release|Any CPU
		{5072BEFA-45B5-4145-AF2A-6E3E438A35FA}.Release|Any CPU.Build.0 = Release|Any CPU
	EndGlobalSection
	GlobalSection(SolutionProperties) = preSolution
		HideSolutionNode = FALSE
	EndGlobalSection
	GlobalSection(ExtensibilityGlobals) = postSolution
		SolutionGuid = {03736797-D5A3-43A3-A270-B9A1B69E4181}
	EndGlobalSection
EndGlobal
